
Microsoft Visual Studio Solution File, Format Version 12.00
# Visual Studio Version 17
VisualStudioVersion = 17.12.35521.163 d17.12
MinimumVisualStudioVersion = 10.0.40219.1
Project("{FAE04EC0-301F-11D3-BF4B-00C04F79EFBC}") = "LibraryApp", "LibraryApp.csproj", "{8583956C-C4B8-42F7-BDF1-BAC78B9C4D13}"
EndProject
Project("{FAE04EC0-301F-11D3-BF4B-00C04F79EFBC}") = "LibraryAppBlazor.Domain", "..\LibraryAppBlazor.Domain\LibraryAppBlazor.Domain.csproj", "{75D216C6-2E62-4E47-B40A-329CBBFD245E}"
EndProject
Project("{FAE04EC0-301F-11D3-BF4B-00C04F79EFBC}") = "LibraryAppBlazor.Application", "..\BibliotecaBlazor.Application\LibraryAppBlazor.Application.csproj", "{C30C82B4-D5D9-4A8C-BDEC-6898049EB36F}"
EndProject
Project("{FAE04EC0-301F-11D3-BF4B-00C04F79EFBC}") = "LibraryAppBlazor.Infrastructure", "..\LibraryAppBlazor.Infrastructure\LibraryAppBlazor.Infrastructure.csproj", "{E4EAAD68-EE94-479F-8E1B-6CD9FA493ADE}"
EndProject
Global
	GlobalSection(SolutionConfigurationPlatforms) = preSolution
		Debug|Any CPU = Debug|Any CPU
		Release|Any CPU = Release|Any CPU
	EndGlobalSection
	GlobalSection(ProjectConfigurationPlatforms) = postSolution
		{8583956C-C4B8-42F7-BDF1-BAC78B9C4D13}.Debug|Any CPU.ActiveCfg = Debug|Any CPU
		{8583956C-C4B8-42F7-BDF1-BAC78B9C4D13}.Debug|Any CPU.Build.0 = Debug|Any CPU
		{8583956C-C4B8-42F7-BDF1-BAC78B9C4D13}.Release|Any CPU.ActiveCfg = Release|Any CPU
		{8583956C-C4B8-42F7-BDF1-BAC78B9C4D13}.Release|Any CPU.Build.0 = Release|Any CPU
		{75D216C6-2E62-4E47-B40A-329CBBFD245E}.Debug|Any CPU.ActiveCfg = Debug|Any CPU
		{75D216C6-2E62-4E47-B40A-329CBBFD245E}.Debug|Any CPU.Build.0 = Debug|Any CPU
		{75D216C6-2E62-4E47-B40A-329CBBFD245E}.Release|Any CPU.ActiveCfg = Release|Any CPU
		{75D216C6-2E62-4E47-B40A-329CBBFD245E}.Release|Any CPU.Build.0 = Release|Any CPU
		{C30C82B4-D5D9-4A8C-BDEC-6898049EB36F}.Debug|Any CPU.ActiveCfg = Debug|Any CPU
		{C30C82B4-D5D9-4A8C-BDEC-6898049EB36F}.Debug|Any CPU.Build.0 = Debug|Any CPU
		{C30C82B4-D5D9-4A8C-BDEC-6898049EB36F}.Release|Any CPU.ActiveCfg = Release|Any CPU
		{C30C82B4-D5D9-4A8C-BDEC-6898049EB36F}.Release|Any CPU.Build.0 = Release|Any CPU
		{E4EAAD68-EE94-479F-8E1B-6CD9FA493ADE}.Debug|Any CPU.ActiveCfg = Debug|Any CPU
		{E4EAAD68-EE94-479F-8E1B-6CD9FA493ADE}.Debug|Any CPU.Build.0 = Debug|Any CPU
		{E4EAAD68-EE94-479F-8E1B-6CD9FA493ADE}.Release|Any CPU.ActiveCfg = Release|Any CPU
		{E4EAAD68-EE94-479F-8E1B-6CD9FA493ADE}.Release|Any CPU.Build.0 = Release|Any CPU
	EndGlobalSection
	GlobalSection(SolutionProperties) = preSolution
		HideSolutionNode = FALSE
	EndGlobalSection
EndGlobal
